
Microsoft Visual Studio Solution File, Format Version 12.00
# Visual Studio Version 16
VisualStudioVersion = 16.0.29911.84
MinimumVisualStudioVersion = 10.0.40219.1
Project("{FAE04EC0-301F-11D3-BF4B-00C04F79EFBC}") = "BestProTechnologiesLimited", "BestProTechnologiesLimited\BestProTechnologiesLimited.csproj", "{06AA3FAC-9774-44B9-90B5-90D7770359D9}"
EndProject
Global
	GlobalSection(SolutionConfigurationPlatforms) = preSolution
		Debug|Any CPU = Debug|Any CPU
		Release|Any CPU = Release|Any CPU
	EndGlobalSection
	GlobalSection(ProjectConfigurationPlatforms) = postSolution
		{06AA3FAC-9774-44B9-90B5-90D7770359D9}.Debug|Any CPU.ActiveCfg = Debug|Any CPU
		{06AA3FAC-9774-44B9-90B5-90D7770359D9}.Debug|Any CPU.Build.0 = Debug|Any CPU
		{06AA3FAC-9774-44B9-90B5-90D7770359D9}.Release|Any CPU.ActiveCfg = Release|Any CPU
		{06AA3FAC-9774-44B9-90B5-90D7770359D9}.Release|Any CPU.Build.0 = Release|Any CPU
	EndGlobalSection
	GlobalSection(SolutionProperties) = preSolution
		HideSolutionNode = FALSE
	EndGlobalSection
	GlobalSection(ExtensibilityGlobals) = postSolution
		SolutionGuid = {F3C9274D-51BB-45C0-A19A-79C4700C00BB}
	EndGlobalSection
EndGlobal
